// !$*UTF8*$!
{
	archiveVersion = 1;
	classes = {
	};
	objectVersion = 50;
	objects = {

/* Begin PBXBuildFile section */
		3330B4D721DF015900737C18 /* ClassController.m in Sources */ = {isa = PBXBuildFile; fileRef = 3330B4D621DF015900737C18 /* ClassController.m */; };
		3330B4DA21DF08A700737C18 /* MemberVariablesController.m in Sources */ = {isa = PBXBuildFile; fileRef = 3330B4D921DF08A700737C18 /* MemberVariablesController.m */; };
		3330B4DD21DF218A00737C18 /* AttributeController.m in Sources */ = {isa = PBXBuildFile; fileRef = 3330B4DC21DF218A00737C18 /* AttributeController.m */; };
		3330B4E021DF22B800737C18 /* MethodController.m in Sources */ = {isa = PBXBuildFile; fileRef = 3330B4DF21DF22B800737C18 /* MethodController.m */; };
		337D750A21DC56E600DC4631 /* AppDelegate.m in Sources */ = {isa = PBXBuildFile; fileRef = 337D750921DC56E600DC4631 /* AppDelegate.m */; };
		337D750D21DC56E600DC4631 /* ViewController.m in Sources */ = {isa = PBXBuildFile; fileRef = 337D750C21DC56E600DC4631 /* ViewController.m */; };
		337D751021DC56E600DC4631 /* Main.storyboard in Resources */ = {isa = PBXBuildFile; fileRef = 337D750E21DC56E600DC4631 /* Main.storyboard */; };
		337D751221DC56E800DC4631 /* Assets.xcassets in Resources */ = {isa = PBXBuildFile; fileRef = 337D751121DC56E800DC4631 /* Assets.xcassets */; };
		337D751521DC56E800DC4631 /* LaunchScreen.storyboard in Resources */ = {isa = PBXBuildFile; fileRef = 337D751321DC56E800DC4631 /* LaunchScreen.storyboard */; };
		337D751821DC56E800DC4631 /* main.m in Sources */ = {isa = PBXBuildFile; fileRef = 337D751721DC56E800DC4631 /* main.m */; };
/* End PBXBuildFile section */

/* Begin PBXFileReference section */
		3330B4D521DF015900737C18 /* ClassController.h */ = {isa = PBXFileReference; lastKnownFileType = sourcecode.c.h; path = ClassController.h; sourceTree = "<group>"; };
		3330B4D621DF015900737C18 /* ClassController.m */ = {isa = PBXFileReference; lastKnownFileType = sourcecode.c.objc; path = ClassController.m; sourceTree = "<group>"; };
		3330B4D821DF08A700737C18 /* MemberVariablesController.h */ = {isa = PBXFileReference; lastKnownFileType = sourcecode.c.h; path = MemberVariablesController.h; sourceTree = "<group>"; };
		3330B4D921DF08A700737C18 /* MemberVariablesController.m */ = {isa = PBXFileReference; lastKnownFileType = sourcecode.c.objc; path = MemberVariablesController.m; sourceTree = "<group>"; };
		3330B4DB21DF218A00737C18 /* AttributeController.h */ = {isa = PBXFileReference; lastKnownFileType = sourcecode.c.h; path = AttributeController.h; sourceTree = "<group>"; };
		3330B4DC21DF218A00737C18 /* AttributeController.m */ = {isa = PBXFileReference; lastKnownFileType = sourcecode.c.objc; path = AttributeController.m; sourceTree = "<group>"; };
		3330B4DE21DF22B800737C18 /* MethodController.h */ = {isa = PBXFileReference; lastKnownFileType = sourcecode.c.h; path = MethodController.h; sourceTree = "<group>"; };
		3330B4DF21DF22B800737C18 /* MethodController.m */ = {isa = PBXFileReference; lastKnownFileType = sourcecode.c.objc; path = MethodController.m; sourceTree = "<group>"; };
		337D750521DC56E600DC4631 /* XBRunTimeDemo.app */ = {isa = PBXFileReference; explicitFileType = wrapper.application; includeInIndex = 0; path = XBRunTimeDemo.app; sourceTree = BUILT_PRODUCTS_DIR; };
		337D750821DC56E600DC4631 /* AppDelegate.h */ = {isa = PBXFileReference; lastKnownFileType = sourcecode.c.h; path = AppDelegate.h; sourceTree = "<group>"; };
		337D750921DC56E600DC4631 /* AppDelegate.m */ = {isa = PBXFileReference; lastKnownFileType = sourcecode.c.objc; path = AppDelegate.m; sourceTree = "<group>"; };
		337D750B21DC56E600DC4631 /* ViewController.h */ = {isa = PBXFileReference; lastKnownFileType = sourcecode.c.h; path = ViewController.h; sourceTree = "<group>"; };
		337D750C21DC56E600DC4631 /* ViewController.m */ = {isa = PBXFileReference; lastKnownFileType = sourcecode.c.objc; path = ViewController.m; sourceTree = "<group>"; };
		337D750F21DC56E600DC4631 /* Base */ = {isa = PBXFileReference; lastKnownFileType = file.storyboard; name = Base; path = Base.lproj/Main.storyboard; sourceTree = "<group>"; };
		337D751121DC56E800DC4631 /* Assets.xcassets */ = {isa = PBXFileReference; lastKnownFileType = folder.assetcatalog; path = Assets.xcassets; sourceTree = "<group>"; };
		337D751421DC56E800DC4631 /* Base */ = {isa = PBXFileReference; lastKnownFileType = file.storyboard; name = Base; path = Base.lproj/LaunchScreen.storyboard; sourceTree = "<group>"; };
		337D751621DC56E800DC4631 /* Info.plist */ = {isa = PBXFileReference; lastKnownFileType = text.plist.xml; path = Info.plist; sourceTree = "<group>"; };
		337D751721DC56E800DC4631 /* main.m */ = {isa = PBXFileReference; lastKnownFileType = sourcecode.c.objc; path = main.m; sourceTree = "<group>"; };
/* End PBXFileReference section */

/* Begin PBXFrameworksBuildPhase section */
		337D750221DC56E600DC4631 /* Frameworks */ = {
			isa = PBXFrameworksBuildPhase;
			buildActionMask = 2147483647;
			files = (
			);
			runOnlyForDeploymentPostprocessing = 0;
		};
/* End PBXFrameworksBuildPhase section */

/* Begin PBXGroup section */
		337D74FC21DC56E600DC4631 = {
			isa = PBXGroup;
			children = (
				337D750721DC56E600DC4631 /* XBRunTimeDemo */,
				337D750621DC56E600DC4631 /* Products */,
			);
			sourceTree = "<group>";
		};
		337D750621DC56E600DC4631 /* Products */ = {
			isa = PBXGroup;
			children = (
				337D750521DC56E600DC4631 /* XBRunTimeDemo.app */,
			);
			name = Products;
			sourceTree = "<group>";
		};
		337D750721DC56E600DC4631 /* XBRunTimeDemo */ = {
			isa = PBXGroup;
			children = (
				337D751E21DC587900DC4631 /* Classes */,
				337D750821DC56E600DC4631 /* AppDelegate.h */,
				337D750921DC56E600DC4631 /* AppDelegate.m */,
				337D750B21DC56E600DC4631 /* ViewController.h */,
				337D750C21DC56E600DC4631 /* ViewController.m */,
				337D750E21DC56E600DC4631 /* Main.storyboard */,
				337D751121DC56E800DC4631 /* Assets.xcassets */,
				337D751321DC56E800DC4631 /* LaunchScreen.storyboard */,
				337D751621DC56E800DC4631 /* Info.plist */,
				337D751721DC56E800DC4631 /* main.m */,
			);
			path = XBRunTimeDemo;
			sourceTree = "<group>";
		};
		337D751E21DC587900DC4631 /* Classes */ = {
			isa = PBXGroup;
			children = (
				3330B4D521DF015900737C18 /* ClassController.h */,
				3330B4D621DF015900737C18 /* ClassController.m */,
				3330B4D821DF08A700737C18 /* MemberVariablesController.h */,
				3330B4D921DF08A700737C18 /* MemberVariablesController.m */,
				3330B4DB21DF218A00737C18 /* AttributeController.h */,
				3330B4DC21DF218A00737C18 /* AttributeController.m */,
				3330B4DE21DF22B800737C18 /* MethodController.h */,
				3330B4DF21DF22B800737C18 /* MethodController.m */,
			);
			path = Classes;
			sourceTree = "<group>";
		};
/* End PBXGroup section */

/* Begin PBXNativeTarget section */
		337D750421DC56E600DC4631 /* XBRunTimeDemo */ = {
			isa = PBXNativeTarget;
			buildConfigurationList = 337D751B21DC56E800DC4631 /* Build configuration list for PBXNativeTarget "XBRunTimeDemo" */;
			buildPhases = (
				337D750121DC56E600DC4631 /* Sources */,
				337D750221DC56E600DC4631 /* Frameworks */,
				337D750321DC56E600DC4631 /* Resources */,
			);
			buildRules = (
			);
			dependencies = (
			);
			name = XBRunTimeDemo;
			productName = XBRunTimeDemo;
			productReference = 337D750521DC56E600DC4631 /* XBRunTimeDemo.app */;
			productType = "com.apple.product-type.application";
		};
/* End PBXNativeTarget section */

/* Begin PBXProject section */
		337D74FD21DC56E600DC4631 /* Project object */ = {
			isa = PBXProject;
			attributes = {
				LastUpgradeCheck = 1010;
				ORGANIZATIONNAME = Sky;
				TargetAttributes = {
					337D750421DC56E600DC4631 = {
						CreatedOnToolsVersion = 10.1;
					};
				};
			};
			buildConfigurationList = 337D750021DC56E600DC4631 /* Build configuration list for PBXProject "XBRunTimeDemo" */;
			compatibilityVersion = "Xcode 9.3";
			developmentRegion = en;
			hasScannedForEncodings = 0;
			knownRegions = (
				en,
				Base,
			);
			mainGroup = 337D74FC21DC56E600DC4631;
			productRefGroup = 337D750621DC56E600DC4631 /* Products */;
			projectDirPath = "";
			projectRoot = "";
			targets = (
				337D750421DC56E600DC4631 /* XBRunTimeDemo */,
			);
		};
/* End PBXProject section */

/* Begin PBXResourcesBuildPhase section */
		337D750321DC56E600DC4631 /* Resources */ = {
			isa = PBXResourcesBuildPhase;
			buildActionMask = 2147483647;
			files = (
				337D751521DC56E800DC4631 /* LaunchScreen.storyboard in Resources */,
				337D751221DC56E800DC4631 /* Assets.xcassets in Resources */,
				337D751021DC56E600DC4631 /* Main.storyboard in Resources */,
			);
			runOnlyForDeploymentPostprocessing = 0;
		};
/* End PBXResourcesBuildPhase section */

/* Begin PBXSourcesBuildPhase section */
		337D750121DC56E600DC4631 /* Sources */ = {
			isa = PBXSourcesBuildPhase;
			buildActionMask = 2147483647;
			files = (
				3330B4DA21DF08A700737C18 /* MemberVariablesController.m in Sources */,
				3330B4E021DF22B800737C18 /* MethodController.m in Sources */,
				3330B4DD21DF218A00737C18 /* AttributeController.m in Sources */,
				3330B4D721DF015900737C18 /* ClassController.m in Sources */,
				337D750D21DC56E600DC4631 /* ViewController.m in Sources */,
				337D751821DC56E800DC4631 /* main.m in Sources */,
				337D750A21DC56E600DC4631 /* AppDelegate.m in Sources */,
			);
			runOnlyForDeploymentPostprocessing = 0;
		};
/* End PBXSourcesBuildPhase section */

/* Begin PBXVariantGroup section */
		337D750E21DC56E600DC4631 /* Main.storyboard */ = {
			isa = PBXVariantGroup;
			children = (
				337D750F21DC56E600DC4631 /* Base */,
			);
			name = Main.storyboard;
			sourceTree = "<group>";
		};
		337D751321DC56E800DC4631 /* LaunchScreen.storyboard */ = {
			isa = PBXVariantGroup;
			children = (
				337D751421DC56E800DC4631 /* Base */,
			);
			name = LaunchScreen.storyboard;
			sourceTree = "<group>";
		};
/* End PBXVariantGroup section */

/* Begin XCBuildConfiguration section */
		337D751921DC56E800DC4631 /* Debug */ = {
			isa = XCBuildConfiguration;
			buildSettings = {
				ALWAYS_SEARCH_USER_PATHS = NO;
				CLANG_ANALYZER_NONNULL = YES;
				CLANG_ANALYZER_NUMBER_OBJECT_CONVERSION = YES_AGGRESSIVE;
				CLANG_CXX_LANGUAGE_STANDARD = "gnu++14";
				CLANG_CXX_LIBRARY = "libc++";
				CLANG_ENABLE_MODULES = YES;
				CLANG_ENABLE_OBJC_ARC = YES;
				CLANG_ENABLE_OBJC_WEAK = YES;
				CLANG_WARN_BLOCK_CAPTURE_AUTORELEASING = YES;
				CLANG_WARN_BOOL_CONVERSION = YES;
				CLANG_WARN_COMMA = YES;
				CLANG_WARN_CONSTANT_CONVERSION = YES;
				CLANG_WARN_DEPRECATED_OBJC_IMPLEMENTATIONS = YES;
				CLANG_WARN_DIRECT_OBJC_ISA_USAGE = YES_ERROR;
				CLANG_WARN_DOCUMENTATION_COMMENTS = YES;
				CLANG_WARN_EMPTY_BODY = YES;
				CLANG_WARN_ENUM_CONVERSION = YES;
				CLANG_WARN_INFINITE_RECURSION = YES;
				CLANG_WARN_INT_CONVERSION = YES;
				CLANG_WARN_NON_LITERAL_NULL_CONVERSION = YES;
				CLANG_WARN_OBJC_IMPLICIT_RETAIN_SELF = YES;
				CLANG_WARN_OBJC_LITERAL_CONVERSION = YES;
				CLANG_WARN_OBJC_ROOT_CLASS = YES_ERROR;
				CLANG_WARN_RANGE_LOOP_ANALYSIS = YES;
				CLANG_WARN_STRICT_PROTOTYPES = YES;
				CLANG_WARN_SUSPICIOUS_MOVE = YES;
				CLANG_WARN_UNGUARDED_AVAILABILITY = YES_AGGRESSIVE;
				CLANG_WARN_UNREACHABLE_CODE = YES;
				CLANG_WARN__DUPLICATE_METHOD_MATCH = YES;
				CODE_SIGN_IDENTITY = "iPhone Developer";
				COPY_PHASE_STRIP = NO;
				DEBUG_INFORMATION_FORMAT = dwarf;
				ENABLE_STRICT_OBJC_MSGSEND = YES;
				ENABLE_TESTABILITY = YES;
				GCC_C_LANGUAGE_STANDARD = gnu11;
				GCC_DYNAMIC_NO_PIC = NO;
				GCC_NO_COMMON_BLOCKS = YES;
				GCC_OPTIMIZATION_LEVEL = 0;
				GCC_PREPROCESSOR_DEFINITIONS = (
					"DEBUG=1",
					"$(inherited)",
				);
				GCC_WARN_64_TO_32_BIT_CONVERSION = YES;
				GCC_WARN_ABOUT_RETURN_TYPE = YES_ERROR;
				GCC_WARN_UNDECLARED_SELECTOR = YES;
				GCC_WARN_UNINITIALIZED_AUTOS = YES_AGGRESSIVE;
				GCC_WARN_UNUSED_FUNCTION = YES;
				GCC_WARN_UNUSED_VARIABLE = YES;
				IPHONEOS_DEPLOYMENT_TARGET = 12.1;
				MTL_ENABLE_DEBUG_INFO = INCLUDE_SOURCE;
				MTL_FAST_MATH = YES;
				ONLY_ACTIVE_ARCH = YES;
				SDKROOT = iphoneos;
			};
			name = Debug;
		};
		337D751A21DC56E800DC4631 /* Release */ = {
			isa = XCBuildConfiguration;
			buildSettings = {
				ALWAYS_SEARCH_USER_PATHS = NO;
				CLANG_ANALYZER_NONNULL = YES;
				CLANG_ANALYZER_NUMBER_OBJECT_CONVERSION = YES_AGGRESSIVE;
				CLANG_CXX_LANGUAGE_STANDARD = "gnu++14";
				CLANG_CXX_LIBRARY = "libc++";
				CLANG_ENABLE_MODULES = YES;
				CLANG_ENABLE_OBJC_ARC = YES;
				CLANG_ENABLE_OBJC_WEAK = YES;
				CLANG_WARN_BLOCK_CAPTURE_AUTORELEASING = YES;
				CLANG_WARN_BOOL_CONVERSION = YES;
				CLANG_WARN_COMMA = YES;
				CLANG_WARN_CONSTANT_CONVERSION = YES;
				CLANG_WARN_DEPRECATED_OBJC_IMPLEMENTATIONS = YES;
				CLANG_WARN_DIRECT_OBJC_ISA_USAGE = YES_ERROR;
				CLANG_WARN_DOCUMENTATION_COMMENTS = YES;
				CLANG_WARN_EMPTY_BODY = YES;
				CLANG_WARN_ENUM_CONVERSION = YES;
				CLANG_WARN_INFINITE_RECURSION = YES;
				CLANG_WARN_INT_CONVERSION = YES;
				CLANG_WARN_NON_LITERAL_NULL_CONVERSION = YES;
				CLANG_WARN_OBJC_IMPLICIT_RETAIN_SELF = YES;
				CLANG_WARN_OBJC_LITERAL_CONVERSION = YES;
				CLANG_WARN_OBJC_ROOT_CLASS = YES_ERROR;
				CLANG_WARN_RANGE_LOOP_ANALYSIS = YES;
				CLANG_WARN_STRICT_PROTOTYPES = YES;
				CLANG_WARN_SUSPICIOUS_MOVE = YES;
				CLANG_WARN_UNGUARDED_AVAILABILITY = YES_AGGRESSIVE;
				CLANG_WARN_UNREACHABLE_CODE = YES;
				CLANG_WARN__DUPLICATE_METHOD_MATCH = YES;
				CODE_SIGN_IDENTITY = "iPhone Developer";
				COPY_PHASE_STRIP = NO;
				DEBUG_INFORMATION_FORMAT = "dwarf-with-dsym";
				ENABLE_NS_ASSERTIONS = NO;
				ENABLE_STRICT_OBJC_MSGSEND = YES;
				GCC_C_LANGUAGE_STANDARD = gnu11;
				GCC_NO_COMMON_BLOCKS = YES;
				GCC_WARN_64_TO_32_BIT_CONVERSION = YES;
				GCC_WARN_ABOUT_RETURN_TYPE = YES_ERROR;
				GCC_WARN_UNDECLARED_SELECTOR = YES;
				GCC_WARN_UNINITIALIZED_AUTOS = YES_AGGRESSIVE;
				GCC_WARN_UNUSED_FUNCTION = YES;
				GCC_WARN_UNUSED_VARIABLE = YES;
				IPHONEOS_DEPLOYMENT_TARGET = 12.1;
				MTL_ENABLE_DEBUG_INFO = NO;
				MTL_FAST_MATH = YES;
				SDKROOT = iphoneos;
				VALIDATE_PRODUCT = YES;
			};
			name = Release;
		};
		337D751C21DC56E800DC4631 /* Debug */ = {
			isa = XCBuildConfiguration;
			buildSettings = {
				ASSETCATALOG_COMPILER_APPICON_NAME = AppIcon;
				CODE_SIGN_STYLE = Automatic;
				DEVELOPMENT_TEAM = BU9U9E5458;
				INFOPLIST_FILE = XBRunTimeDemo/Info.plist;
				LD_RUNPATH_SEARCH_PATHS = (
					"$(inherited)",
					"@executable_path/Frameworks",
				);
				PRODUCT_BUNDLE_IDENTIFIER = com.mike.XBRunTimeDemo;
				PRODUCT_NAME = "$(TARGET_NAME)";
				TARGETED_DEVICE_FAMILY = "1,2";
			};
			name = Debug;
		};
		337D751D21DC56E800DC4631 /* Release */ = {
			isa = XCBuildConfiguration;
			buildSettings = {
				ASSETCATALOG_COMPILER_APPICON_NAME = AppIcon;
				CODE_SIGN_STYLE = Automatic;
				DEVELOPMENT_TEAM = BU9U9E5458;
				INFOPLIST_FILE = XBRunTimeDemo/Info.plist;
				LD_RUNPATH_SEARCH_PATHS = (
					"$(inherited)",
					"@executable_path/Frameworks",
				);
				PRODUCT_BUNDLE_IDENTIFIER = com.mike.XBRunTimeDemo;
				PRODUCT_NAME = "$(TARGET_NAME)";
				TARGETED_DEVICE_FAMILY = "1,2";
			};
			name = Release;
		};
/* End XCBuildConfiguration section */

/* Begin XCConfigurationList section */
		337D750021DC56E600DC4631 /* Build configuration list for PBXProject "XBRunTimeDemo" */ = {
			isa = XCConfigurationList;
			buildConfigurations = (
				337D751921DC56E800DC4631 /* Debug */,
				337D751A21DC56E800DC4631 /* Release */,
			);
			defaultConfigurationIsVisible = 0;
			defaultConfigurationName = Release;
		};
		337D751B21DC56E800DC4631 /* Build configuration list for PBXNativeTarget "XBRunTimeDemo" */ = {
			isa = XCConfigurationList;
			buildConfigurations = (
				337D751C21DC56E800DC4631 /* Debug */,
				337D751D21DC56E800DC4631 /* Release */,
			);
			defaultConfigurationIsVisible = 0;
			defaultConfigurationName = Release;
		};
/* End XCConfigurationList section */
	};
	rootObject = 337D74FD21DC56E600DC4631 /* Project object */;
}
